
Microsoft Visual Studio Solution File, Format Version 12.00
Project("{FAE04EC0-301F-11D3-BF4B-00C04F79EFBC}") = "TowerDominionUIMod", "TowerDominionUIMod.csproj", "{DBA8B371-536A-44CD-8069-C6F90F1545FE}"
EndProject
Global
	GlobalSection(SolutionConfigurationPlatforms) = preSolution
		Release|x64 = Release|x64
		Debug|x64 = Debug|x64
	EndGlobalSection
	GlobalSection(ProjectConfigurationPlatforms) = postSolution
		{DBA8B371-536A-44CD-8069-C6F90F1545FE}.Release|x64.ActiveCfg = Debug|x64
		{DBA8B371-536A-44CD-8069-C6F90F1545FE}.Release|x64.Build.0 = Debug|x64
		{DBA8B371-536A-44CD-8069-C6F90F1545FE}.Debug|x64.ActiveCfg = Debug|x64
		{DBA8B371-536A-44CD-8069-C6F90F1545FE}.Debug|x64.Build.0 = Debug|x64
	EndGlobalSection
EndGlobal
